
Microsoft Visual Studio Solution File, Format Version 12.00
# Visual Studio Version 16
VisualStudioVersion = 16.0.30114.105
MinimumVisualStudioVersion = 10.0.40219.1
Project("{FAE04EC0-301F-11D3-BF4B-00C04F79EFBC}") = "API", "API\API.csproj", "{FAD1ED78-9C22-42D9-AF7D-974B8C0AFE93}"
EndProject
Project("{FAE04EC0-301F-11D3-BF4B-00C04F79EFBC}") = "Core", "Core\Core.csproj", "{DD5975AC-4794-47A2-AFE5-E6A998587FD8}"
EndProject
Project("{FAE04EC0-301F-11D3-BF4B-00C04F79EFBC}") = "Infrastructure", "Infrastructure\Infrastructure.csproj", "{E5DC34FE-8A4C-4F3C-9E32-7687090B770A}"
EndProject
Global
	GlobalSection(SolutionConfigurationPlatforms) = preSolution
		Debug|Any CPU = Debug|Any CPU
		Release|Any CPU = Release|Any CPU
	EndGlobalSection
	GlobalSection(SolutionProperties) = preSolution
		HideSolutionNode = FALSE
	EndGlobalSection
	GlobalSection(ProjectConfigurationPlatforms) = postSolution
		{FAD1ED78-9C22-42D9-AF7D-974B8C0AFE93}.Debug|Any CPU.ActiveCfg = Debug|Any CPU
		{FAD1ED78-9C22-42D9-AF7D-974B8C0AFE93}.Debug|Any CPU.Build.0 = Debug|Any CPU
		{FAD1ED78-9C22-42D9-AF7D-974B8C0AFE93}.Release|Any CPU.ActiveCfg = Release|Any CPU
		{FAD1ED78-9C22-42D9-AF7D-974B8C0AFE93}.Release|Any CPU.Build.0 = Release|Any CPU
		{DD5975AC-4794-47A2-AFE5-E6A998587FD8}.Debug|Any CPU.ActiveCfg = Debug|Any CPU
		{DD5975AC-4794-47A2-AFE5-E6A998587FD8}.Debug|Any CPU.Build.0 = Debug|Any CPU
		{DD5975AC-4794-47A2-AFE5-E6A998587FD8}.Release|Any CPU.ActiveCfg = Release|Any CPU
		{DD5975AC-4794-47A2-AFE5-E6A998587FD8}.Release|Any CPU.Build.0 = Release|Any CPU
		{E5DC34FE-8A4C-4F3C-9E32-7687090B770A}.Debug|Any CPU.ActiveCfg = Debug|Any CPU
		{E5DC34FE-8A4C-4F3C-9E32-7687090B770A}.Debug|Any CPU.Build.0 = Debug|Any CPU
		{E5DC34FE-8A4C-4F3C-9E32-7687090B770A}.Release|Any CPU.ActiveCfg = Release|Any CPU
		{E5DC34FE-8A4C-4F3C-9E32-7687090B770A}.Release|Any CPU.Build.0 = Release|Any CPU
	EndGlobalSection
EndGlobal
